{
  "object": {
    "pins": [
      {
        "package": "SwiftUICharts",
        "repositoryURL": "https://github.com/AppPear/ChartView",
        "state": {
          "branch": null,
          "revision": "c12c773af0b18be3abc30a5e39fc8370a6498502",
          "version": "1.5.0"
        }
      },
      {
        "package": "SwiftUIVisualEffects",
        "repositoryURL": "https://github.com/lucasbrown/swiftui-visual-effects",
        "state": {
          "branch": null,
          "revision": "b26f8cebd55ff60ed8953768aa818dfb005b5838",
          "version": "1.0.3"
        }
      }
    ]
  },
  "version": 1
}
